
Microsoft Visual Studio Solution File, Format Version 12.00
# Visual Studio Version 17
VisualStudioVersion = 17.7.34018.315
MinimumVisualStudioVersion = 10.0.40219.1
Project("{8BC9CEB8-8B4A-11D0-8D11-00A0C91BC942}") = "1112", "1112.vcxproj", "{2B8DF484-8205-4082-97AD-91A34A720C5B}"
EndProject
Global
	GlobalSection(SolutionConfigurationPlatforms) = preSolution
		Debug|x64 = Debug|x64
		Debug|x86 = Debug|x86
		Release|x64 = Release|x64
		Release|x86 = Release|x86
	EndGlobalSection
	GlobalSection(ProjectConfigurationPlatforms) = postSolution
		{2B8DF484-8205-4082-97AD-91A34A720C5B}.Debug|x64.ActiveCfg = Debug|x64
		{2B8DF484-8205-4082-97AD-91A34A720C5B}.Debug|x64.Build.0 = Debug|x64
		{2B8DF484-8205-4082-97AD-91A34A720C5B}.Debug|x86.ActiveCfg = Debug|Win32
		{2B8DF484-8205-4082-97AD-91A34A720C5B}.Debug|x86.Build.0 = Debug|Win32
		{2B8DF484-8205-4082-97AD-91A34A720C5B}.Release|x64.ActiveCfg = Release|x64
		{2B8DF484-8205-4082-97AD-91A34A720C5B}.Release|x64.Build.0 = Release|x64
		{2B8DF484-8205-4082-97AD-91A34A720C5B}.Release|x86.ActiveCfg = Release|Win32
		{2B8DF484-8205-4082-97AD-91A34A720C5B}.Release|x86.Build.0 = Release|Win32
	EndGlobalSection
	GlobalSection(SolutionProperties) = preSolution
		HideSolutionNode = FALSE
	EndGlobalSection
	GlobalSection(ExtensibilityGlobals) = postSolution
		SolutionGuid = {8A1FD65A-FC77-4379-A8EA-99C6C619F4B4}
	EndGlobalSection
EndGlobal
